{
  "name": "json-graphql-impl",
  "version": "1.0.0",
  "lockfileVersion": 1,
  "requires": true,
  "dependencies": {
    "esm": {
      "version": "3.0.80",
      "resolved": "https://registry.npmjs.org/esm/-/esm-3.0.80.tgz",
      "integrity": "sha512-idOyS2LmLFL/A/qYq/IzJLxK4ZEIurSJGMC79t4aDIaNpLY9cNsOsiMBNV5hVOcbrkBAiWTDLKWBqaPieOmYew==",
      "dev": true
    },
    "fs": {
      "version": "0.0.1-security",
      "resolved": "https://registry.npmjs.org/fs/-/fs-0.0.1-security.tgz",
      "integrity": "sha1-invTcYa23d84E/I4WLV+yq9eQdQ="
    }
  }
}
